
Microsoft Visual Studio Solution File, Format Version 12.00
# Visual Studio Version 17
VisualStudioVersion = 17.4.33403.182
MinimumVisualStudioVersion = 10.0.40219.1
Project("{9A19103F-16F7-4668-BE54-9A1E7A4F7556}") = "Web_Roda_Llantas", "Web_Roda_Llantas\Web_Roda_Llantas.csproj", "{57F7449B-33B2-4373-9028-3831537CDCD8}"
EndProject

Global
	GlobalSection(SolutionConfigurationPlatforms) = preSolution
		Debug|Any CPU = Debug|Any CPU
		Release|Any CPU = Release|Any CPU
	EndGlobalSection
	GlobalSection(ProjectConfigurationPlatforms) = postSolution
		{57F7449B-33B2-4373-9028-3831537CDCD8}.Debug|Any CPU.ActiveCfg = Debug|Any CPU
		{57F7449B-33B2-4373-9028-3831537CDCD8}.Debug|Any CPU.Build.0 = Debug|Any CPU
		{57F7449B-33B2-4373-9028-3831537CDCD8}.Release|Any CPU.ActiveCfg = Release|Any CPU
		{57F7449B-33B2-4373-9028-3831537CDCD8}.Release|Any CPU.Build.0 = Release|Any CPU
		{4E2ECF2A-5EDC-416A-942E-4F8CCE27CA21}.Debug|Any CPU.ActiveCfg = Debug|Any CPU
		{4E2ECF2A-5EDC-416A-942E-4F8CCE27CA21}.Debug|Any CPU.Build.0 = Debug|Any CPU
		{4E2ECF2A-5EDC-416A-942E-4F8CCE27CA21}.Release|Any CPU.ActiveCfg = Release|Any CPU
		{4E2ECF2A-5EDC-416A-942E-4F8CCE27CA21}.Release|Any CPU.Build.0 = Release|Any CPU
	EndGlobalSection
	GlobalSection(SolutionProperties) = preSolution
		HideSolutionNode = FALSE
	EndGlobalSection
	GlobalSection(ExtensibilityGlobals) = postSolution
		SolutionGuid = {9FFCEDE6-67B4-43DA-A91A-E5003053B87F}
	EndGlobalSection
EndGlobal
